
Microsoft Visual Studio Solution File, Format Version 12.00
# Visual Studio Version 17
VisualStudioVersion = 17.5.002.0
MinimumVisualStudioVersion = 10.0.40219.1
Project("{2150E333-8FDC-42A3-9474-1A3956D46DE8}") = "csharp-prep", "csharp-prep", "{6ABD9019-7F39-43B2-8616-095E039CDAFB}"
EndProject
Project("{9A19103F-16F7-4668-BE54-9A1E7A4F7556}") = "Prep1", "csharp-prep\Prep1\Prep1.csproj", "{AFC79551-1C7D-42CD-A0C0-27873729F34F}"
EndProject
Project("{9A19103F-16F7-4668-BE54-9A1E7A4F7556}") = "Prep2", "csharp-prep\Prep2\Prep2.csproj", "{30C3C418-97BB-4890-B455-022A97DFD96B}"
EndProject
Project("{9A19103F-16F7-4668-BE54-9A1E7A4F7556}") = "Prep3", "csharp-prep\Prep3\Prep3.csproj", "{102321B5-2A52-493B-8B6B-0302A1217514}"
EndProject
Project("{9A19103F-16F7-4668-BE54-9A1E7A4F7556}") = "Prep4", "csharp-prep\Prep4\Prep4.csproj", "{BACC1258-E682-4928-BF55-71EE7816A351}"
EndProject
Project("{9A19103F-16F7-4668-BE54-9A1E7A4F7556}") = "Prep5", "csharp-prep\Prep5\Prep5.csproj", "{2FF78B82-F487-4B25-985A-53C3191F21B6}"
EndProject
Project("{2150E333-8FDC-42A3-9474-1A3956D46DE8}") = "final", "final", "{4ADDD199-A4D2-4276-B3DE-0550FD539033}"
EndProject
Project("{9A19103F-16F7-4668-BE54-9A1E7A4F7556}") = "FinalProject", "final\FinalProject\FinalProject.csproj", "{5943F6DE-03A2-4C93-968E-D758B6104B0B}"
EndProject
Project("{9A19103F-16F7-4668-BE54-9A1E7A4F7556}") = "Foundation1", "final\Foundation1\Foundation1.csproj", "{F9DE636C-0F31-44BE-A7BA-F6E4D46A8CAA}"
EndProject
Project("{9A19103F-16F7-4668-BE54-9A1E7A4F7556}") = "Foundation2", "final\Foundation2\Foundation2.csproj", "{58DD36A0-5363-441B-B928-4A36964E8138}"
EndProject
Project("{9A19103F-16F7-4668-BE54-9A1E7A4F7556}") = "Foundation3", "final\Foundation3\Foundation3.csproj", "{E2A43941-FE4E-44EC-B81B-141B637D738C}"
EndProject
Project("{9A19103F-16F7-4668-BE54-9A1E7A4F7556}") = "Foundation4", "final\Foundation4\Foundation4.csproj", "{C3E9E783-8AFA-4524-ACA7-D06B5A74B46C}"
EndProject
Project("{2150E333-8FDC-42A3-9474-1A3956D46DE8}") = "prepare", "prepare", "{97FFE00D-E487-4515-BF41-578E1908E374}"
EndProject
Project("{9A19103F-16F7-4668-BE54-9A1E7A4F7556}") = "Learning02", "prepare\Learning02\Learning02.csproj", "{231BF894-EA2E-487C-AE88-5B1F30FB0596}"
EndProject
Project("{9A19103F-16F7-4668-BE54-9A1E7A4F7556}") = "Learning03", "prepare\Learning03\Learning03.csproj", "{9FC9BEC2-547A-4CC0-81E1-F87A038F37A4}"
EndProject
Project("{9A19103F-16F7-4668-BE54-9A1E7A4F7556}") = "Learning04", "prepare\Learning04\Learning04.csproj", "{BBC1BC5C-150D-4B05-B9C8-8F5A4E422237}"
EndProject
Project("{9A19103F-16F7-4668-BE54-9A1E7A4F7556}") = "Learning05", "prepare\Learning05\Learning05.csproj", "{FBB31603-25B0-474A-BA1B-9B6C247E1B69}"
EndProject
Project("{2150E333-8FDC-42A3-9474-1A3956D46DE8}") = "prove", "prove", "{E3C2A007-B3B4-4F45-96E3-E3903DD4CDE6}"
EndProject
Project("{9A19103F-16F7-4668-BE54-9A1E7A4F7556}") = "Develop02", "prove\Develop02\Develop02.csproj", "{45D562B2-25F3-49BE-A8EF-612F964D813F}"
EndProject
Project("{9A19103F-16F7-4668-BE54-9A1E7A4F7556}") = "Develop03", "prove\Develop03\Develop03.csproj", "{5961BD7E-2542-4B7D-990E-62402B6076A3}"
EndProject
Project("{9A19103F-16F7-4668-BE54-9A1E7A4F7556}") = "Develop04", "prove\Develop04\Develop04.csproj", "{8B254FCB-644C-4C20-BBC7-0DB65D657B4D}"
EndProject
Project("{9A19103F-16F7-4668-BE54-9A1E7A4F7556}") = "Develop05", "prove\Develop05\Develop05.csproj", "{594F12EA-323D-42B0-897D-53178FD45FEB}"
EndProject
Project("{2150E333-8FDC-42A3-9474-1A3956D46DE8}") = "sandbox", "sandbox", "{FAF3C9DB-6B85-4BB0-A33A-F90604B7C5FF}"
EndProject
Project("{9A19103F-16F7-4668-BE54-9A1E7A4F7556}") = "Sandbox", "sandbox\Sandbox\Sandbox.csproj", "{1F33D45E-4F40-42B7-A9FD-942DC02870CF}"
EndProject
Global
	GlobalSection(SolutionConfigurationPlatforms) = preSolution
		Debug|Any CPU = Debug|Any CPU
		Release|Any CPU = Release|Any CPU
	EndGlobalSection
	GlobalSection(ProjectConfigurationPlatforms) = postSolution
		{AFC79551-1C7D-42CD-A0C0-27873729F34F}.Debug|Any CPU.ActiveCfg = Debug|Any CPU
		{AFC79551-1C7D-42CD-A0C0-27873729F34F}.Debug|Any CPU.Build.0 = Debug|Any CPU
		{AFC79551-1C7D-42CD-A0C0-27873729F34F}.Release|Any CPU.ActiveCfg = Release|Any CPU
		{AFC79551-1C7D-42CD-A0C0-27873729F34F}.Release|Any CPU.Build.0 = Release|Any CPU
		{30C3C418-97BB-4890-B455-022A97DFD96B}.Debug|Any CPU.ActiveCfg = Debug|Any CPU
		{30C3C418-97BB-4890-B455-022A97DFD96B}.Debug|Any CPU.Build.0 = Debug|Any CPU
		{30C3C418-97BB-4890-B455-022A97DFD96B}.Release|Any CPU.ActiveCfg = Release|Any CPU
		{30C3C418-97BB-4890-B455-022A97DFD96B}.Release|Any CPU.Build.0 = Release|Any CPU
		{102321B5-2A52-493B-8B6B-0302A1217514}.Debug|Any CPU.ActiveCfg = Debug|Any CPU
		{102321B5-2A52-493B-8B6B-0302A1217514}.Debug|Any CPU.Build.0 = Debug|Any CPU
		{102321B5-2A52-493B-8B6B-0302A1217514}.Release|Any CPU.ActiveCfg = Release|Any CPU
		{102321B5-2A52-493B-8B6B-0302A1217514}.Release|Any CPU.Build.0 = Release|Any CPU
		{BACC1258-E682-4928-BF55-71EE7816A351}.Debug|Any CPU.ActiveCfg = Debug|Any CPU
		{BACC1258-E682-4928-BF55-71EE7816A351}.Debug|Any CPU.Build.0 = Debug|Any CPU
		{BACC1258-E682-4928-BF55-71EE7816A351}.Release|Any CPU.ActiveCfg = Release|Any CPU
		{BACC1258-E682-4928-BF55-71EE7816A351}.Release|Any CPU.Build.0 = Release|Any CPU
		{2FF78B82-F487-4B25-985A-53C3191F21B6}.Debug|Any CPU.ActiveCfg = Debug|Any CPU
		{2FF78B82-F487-4B25-985A-53C3191F21B6}.Debug|Any CPU.Build.0 = Debug|Any CPU
		{2FF78B82-F487-4B25-985A-53C3191F21B6}.Release|Any CPU.ActiveCfg = Release|Any CPU
		{2FF78B82-F487-4B25-985A-53C3191F21B6}.Release|Any CPU.Build.0 = Release|Any CPU
		{5943F6DE-03A2-4C93-968E-D758B6104B0B}.Debug|Any CPU.ActiveCfg = Debug|Any CPU
		{5943F6DE-03A2-4C93-968E-D758B6104B0B}.Debug|Any CPU.Build.0 = Debug|Any CPU
		{5943F6DE-03A2-4C93-968E-D758B6104B0B}.Release|Any CPU.ActiveCfg = Release|Any CPU
		{5943F6DE-03A2-4C93-968E-D758B6104B0B}.Release|Any CPU.Build.0 = Release|Any CPU
		{F9DE636C-0F31-44BE-A7BA-F6E4D46A8CAA}.Debug|Any CPU.ActiveCfg = Debug|Any CPU
		{F9DE636C-0F31-44BE-A7BA-F6E4D46A8CAA}.Debug|Any CPU.Build.0 = Debug|Any CPU
		{F9DE636C-0F31-44BE-A7BA-F6E4D46A8CAA}.Release|Any CPU.ActiveCfg = Release|Any CPU
		{F9DE636C-0F31-44BE-A7BA-F6E4D46A8CAA}.Release|Any CPU.Build.0 = Release|Any CPU
		{58DD36A0-5363-441B-B928-4A36964E8138}.Debug|Any CPU.ActiveCfg = Debug|Any CPU
		{58DD36A0-5363-441B-B928-4A36964E8138}.Debug|Any CPU.Build.0 = Debug|Any CPU
		{58DD36A0-5363-441B-B928-4A36964E8138}.Release|Any CPU.ActiveCfg = Release|Any CPU
		{58DD36A0-5363-441B-B928-4A36964E8138}.Release|Any CPU.Build.0 = Release|Any CPU
		{E2A43941-FE4E-44EC-B81B-141B637D738C}.Debug|Any CPU.ActiveCfg = Debug|Any CPU
		{E2A43941-FE4E-44EC-B81B-141B637D738C}.Debug|Any CPU.Build.0 = Debug|Any CPU
		{E2A43941-FE4E-44EC-B81B-141B637D738C}.Release|Any CPU.ActiveCfg = Release|Any CPU
		{E2A43941-FE4E-44EC-B81B-141B637D738C}.Release|Any CPU.Build.0 = Release|Any CPU
		{C3E9E783-8AFA-4524-ACA7-D06B5A74B46C}.Debug|Any CPU.ActiveCfg = Debug|Any CPU
		{C3E9E783-8AFA-4524-ACA7-D06B5A74B46C}.Debug|Any CPU.Build.0 = Debug|Any CPU
		{C3E9E783-8AFA-4524-ACA7-D06B5A74B46C}.Release|Any CPU.ActiveCfg = Release|Any CPU
		{C3E9E783-8AFA-4524-ACA7-D06B5A74B46C}.Release|Any CPU.Build.0 = Release|Any CPU
		{231BF894-EA2E-487C-AE88-5B1F30FB0596}.Debug|Any CPU.ActiveCfg = Debug|Any CPU
		{231BF894-EA2E-487C-AE88-5B1F30FB0596}.Debug|Any CPU.Build.0 = Debug|Any CPU
		{231BF894-EA2E-487C-AE88-5B1F30FB0596}.Release|Any CPU.ActiveCfg = Release|Any CPU
		{231BF894-EA2E-487C-AE88-5B1F30FB0596}.Release|Any CPU.Build.0 = Release|Any CPU
		{9FC9BEC2-547A-4CC0-81E1-F87A038F37A4}.Debug|Any CPU.ActiveCfg = Debug|Any CPU
		{9FC9BEC2-547A-4CC0-81E1-F87A038F37A4}.Debug|Any CPU.Build.0 = Debug|Any CPU
		{9FC9BEC2-547A-4CC0-81E1-F87A038F37A4}.Release|Any CPU.ActiveCfg = Release|Any CPU
		{9FC9BEC2-547A-4CC0-81E1-F87A038F37A4}.Release|Any CPU.Build.0 = Release|Any CPU
		{BBC1BC5C-150D-4B05-B9C8-8F5A4E422237}.Debug|Any CPU.ActiveCfg = Debug|Any CPU
		{BBC1BC5C-150D-4B05-B9C8-8F5A4E422237}.Debug|Any CPU.Build.0 = Debug|Any CPU
		{BBC1BC5C-150D-4B05-B9C8-8F5A4E422237}.Release|Any CPU.ActiveCfg = Release|Any CPU
		{BBC1BC5C-150D-4B05-B9C8-8F5A4E422237}.Release|Any CPU.Build.0 = Release|Any CPU
		{FBB31603-25B0-474A-BA1B-9B6C247E1B69}.Debug|Any CPU.ActiveCfg = Debug|Any CPU
		{FBB31603-25B0-474A-BA1B-9B6C247E1B69}.Debug|Any CPU.Build.0 = Debug|Any CPU
		{FBB31603-25B0-474A-BA1B-9B6C247E1B69}.Release|Any CPU.ActiveCfg = Release|Any CPU
		{FBB31603-25B0-474A-BA1B-9B6C247E1B69}.Release|Any CPU.Build.0 = Release|Any CPU
		{45D562B2-25F3-49BE-A8EF-612F964D813F}.Debug|Any CPU.ActiveCfg = Debug|Any CPU
		{45D562B2-25F3-49BE-A8EF-612F964D813F}.Debug|Any CPU.Build.0 = Debug|Any CPU
		{45D562B2-25F3-49BE-A8EF-612F964D813F}.Release|Any CPU.ActiveCfg = Release|Any CPU
		{45D562B2-25F3-49BE-A8EF-612F964D813F}.Release|Any CPU.Build.0 = Release|Any CPU
		{5961BD7E-2542-4B7D-990E-62402B6076A3}.Debug|Any CPU.ActiveCfg = Debug|Any CPU
		{5961BD7E-2542-4B7D-990E-62402B6076A3}.Debug|Any CPU.Build.0 = Debug|Any CPU
		{5961BD7E-2542-4B7D-990E-62402B6076A3}.Release|Any CPU.ActiveCfg = Release|Any CPU
		{5961BD7E-2542-4B7D-990E-62402B6076A3}.Release|Any CPU.Build.0 = Release|Any CPU
		{8B254FCB-644C-4C20-BBC7-0DB65D657B4D}.Debug|Any CPU.ActiveCfg = Debug|Any CPU
		{8B254FCB-644C-4C20-BBC7-0DB65D657B4D}.Debug|Any CPU.Build.0 = Debug|Any CPU
		{8B254FCB-644C-4C20-BBC7-0DB65D657B4D}.Release|Any CPU.ActiveCfg = Release|Any CPU
		{8B254FCB-644C-4C20-BBC7-0DB65D657B4D}.Release|Any CPU.Build.0 = Release|Any CPU
		{594F12EA-323D-42B0-897D-53178FD45FEB}.Debug|Any CPU.ActiveCfg = Debug|Any CPU
		{594F12EA-323D-42B0-897D-53178FD45FEB}.Debug|Any CPU.Build.0 = Debug|Any CPU
		{594F12EA-323D-42B0-897D-53178FD45FEB}.Release|Any CPU.ActiveCfg = Release|Any CPU
		{594F12EA-323D-42B0-897D-53178FD45FEB}.Release|Any CPU.Build.0 = Release|Any CPU
		{1F33D45E-4F40-42B7-A9FD-942DC02870CF}.Debug|Any CPU.ActiveCfg = Debug|Any CPU
		{1F33D45E-4F40-42B7-A9FD-942DC02870CF}.Debug|Any CPU.Build.0 = Debug|Any CPU
		{1F33D45E-4F40-42B7-A9FD-942DC02870CF}.Release|Any CPU.ActiveCfg = Release|Any CPU
		{1F33D45E-4F40-42B7-A9FD-942DC02870CF}.Release|Any CPU.Build.0 = Release|Any CPU
	EndGlobalSection
	GlobalSection(SolutionProperties) = preSolution
		HideSolutionNode = FALSE
	EndGlobalSection
	GlobalSection(NestedProjects) = preSolution
		{AFC79551-1C7D-42CD-A0C0-27873729F34F} = {6ABD9019-7F39-43B2-8616-095E039CDAFB}
		{30C3C418-97BB-4890-B455-022A97DFD96B} = {6ABD9019-7F39-43B2-8616-095E039CDAFB}
		{102321B5-2A52-493B-8B6B-0302A1217514} = {6ABD9019-7F39-43B2-8616-095E039CDAFB}
		{BACC1258-E682-4928-BF55-71EE7816A351} = {6ABD9019-7F39-43B2-8616-095E039CDAFB}
		{2FF78B82-F487-4B25-985A-53C3191F21B6} = {6ABD9019-7F39-43B2-8616-095E039CDAFB}
		{5943F6DE-03A2-4C93-968E-D758B6104B0B} = {4ADDD199-A4D2-4276-B3DE-0550FD539033}
		{F9DE636C-0F31-44BE-A7BA-F6E4D46A8CAA} = {4ADDD199-A4D2-4276-B3DE-0550FD539033}
		{58DD36A0-5363-441B-B928-4A36964E8138} = {4ADDD199-A4D2-4276-B3DE-0550FD539033}
		{E2A43941-FE4E-44EC-B81B-141B637D738C} = {4ADDD199-A4D2-4276-B3DE-0550FD539033}
		{C3E9E783-8AFA-4524-ACA7-D06B5A74B46C} = {4ADDD199-A4D2-4276-B3DE-0550FD539033}
		{231BF894-EA2E-487C-AE88-5B1F30FB0596} = {97FFE00D-E487-4515-BF41-578E1908E374}
		{9FC9BEC2-547A-4CC0-81E1-F87A038F37A4} = {97FFE00D-E487-4515-BF41-578E1908E374}
		{BBC1BC5C-150D-4B05-B9C8-8F5A4E422237} = {97FFE00D-E487-4515-BF41-578E1908E374}
		{FBB31603-25B0-474A-BA1B-9B6C247E1B69} = {97FFE00D-E487-4515-BF41-578E1908E374}
		{45D562B2-25F3-49BE-A8EF-612F964D813F} = {E3C2A007-B3B4-4F45-96E3-E3903DD4CDE6}
		{5961BD7E-2542-4B7D-990E-62402B6076A3} = {E3C2A007-B3B4-4F45-96E3-E3903DD4CDE6}
		{8B254FCB-644C-4C20-BBC7-0DB65D657B4D} = {E3C2A007-B3B4-4F45-96E3-E3903DD4CDE6}
		{594F12EA-323D-42B0-897D-53178FD45FEB} = {E3C2A007-B3B4-4F45-96E3-E3903DD4CDE6}
		{1F33D45E-4F40-42B7-A9FD-942DC02870CF} = {FAF3C9DB-6B85-4BB0-A33A-F90604B7C5FF}
	EndGlobalSection
	GlobalSection(ExtensibilityGlobals) = postSolution
		SolutionGuid = {55ABDCBA-8D4D-4522-ACE3-EA4042F752A3}
	EndGlobalSection
EndGlobal
